
Microsoft Visual Studio Solution File, Format Version 12.00
# Visual Studio 2012
Project("{FAE04EC0-301F-11D3-BF4B-00C04F79EFBC}") = "TRPExtractor", "TRPExtractor\TRPExtractor.csproj", "{4F806A8A-1B2D-49C3-92CA-BDD7E070F688}"
EndProject
Global
	GlobalSection(SolutionConfigurationPlatforms) = preSolution
		Debug|Any CPU = Debug|Any CPU
		Release|Any CPU = Release|Any CPU
	EndGlobalSection
	GlobalSection(ProjectConfigurationPlatforms) = postSolution
		{4F806A8A-1B2D-49C3-92CA-BDD7E070F688}.Debug|Any CPU.ActiveCfg = Debug|Any CPU
		{4F806A8A-1B2D-49C3-92CA-BDD7E070F688}.Debug|Any CPU.Build.0 = Debug|Any CPU
		{4F806A8A-1B2D-49C3-92CA-BDD7E070F688}.Release|Any CPU.ActiveCfg = Release|Any CPU
		{4F806A8A-1B2D-49C3-92CA-BDD7E070F688}.Release|Any CPU.Build.0 = Release|Any CPU
	EndGlobalSection
	GlobalSection(SolutionProperties) = preSolution
		HideSolutionNode = FALSE
	EndGlobalSection
EndGlobal
